
Microsoft Visual Studio Solution File, Format Version 12.00
# Visual Studio Version 16
VisualStudioVersion = 16.0.30114.105
MinimumVisualStudioVersion = 10.0.40219.1
Project("{FAE04EC0-301F-11D3-BF4B-00C04F79EFBC}") = "Survey", "Survey.csproj", "{2B61E7F4-641C-47CC-9661-D22B62F8E771}"
EndProject
Project("{FAE04EC0-301F-11D3-BF4B-00C04F79EFBC}") = "Survey.API", "..\Survey.API\Survey.API.csproj", "{2FB407EE-A289-41BE-BB6A-482DB78F6461}"
EndProject
Global
	GlobalSection(SolutionConfigurationPlatforms) = preSolution
		Debug|Any CPU = Debug|Any CPU
		Debug|x64 = Debug|x64
		Debug|x86 = Debug|x86
		Release|Any CPU = Release|Any CPU
		Release|x64 = Release|x64
		Release|x86 = Release|x86
	EndGlobalSection
	GlobalSection(ProjectConfigurationPlatforms) = postSolution
		{2B61E7F4-641C-47CC-9661-D22B62F8E771}.Debug|Any CPU.ActiveCfg = Debug|Any CPU
		{2B61E7F4-641C-47CC-9661-D22B62F8E771}.Debug|Any CPU.Build.0 = Debug|Any CPU
		{2B61E7F4-641C-47CC-9661-D22B62F8E771}.Debug|x64.ActiveCfg = Debug|Any CPU
		{2B61E7F4-641C-47CC-9661-D22B62F8E771}.Debug|x64.Build.0 = Debug|Any CPU
		{2B61E7F4-641C-47CC-9661-D22B62F8E771}.Debug|x86.ActiveCfg = Debug|Any CPU
		{2B61E7F4-641C-47CC-9661-D22B62F8E771}.Debug|x86.Build.0 = Debug|Any CPU
		{2B61E7F4-641C-47CC-9661-D22B62F8E771}.Release|Any CPU.ActiveCfg = Debug|Any CPU
		{2B61E7F4-641C-47CC-9661-D22B62F8E771}.Release|Any CPU.Build.0 = Debug|Any CPU
		{2B61E7F4-641C-47CC-9661-D22B62F8E771}.Release|x64.ActiveCfg = Debug|Any CPU
		{2B61E7F4-641C-47CC-9661-D22B62F8E771}.Release|x64.Build.0 = Debug|Any CPU
		{2B61E7F4-641C-47CC-9661-D22B62F8E771}.Release|x86.ActiveCfg = Debug|Any CPU
		{2B61E7F4-641C-47CC-9661-D22B62F8E771}.Release|x86.Build.0 = Debug|Any CPU
		{2FB407EE-A289-41BE-BB6A-482DB78F6461}.Debug|Any CPU.ActiveCfg = Debug|Any CPU
		{2FB407EE-A289-41BE-BB6A-482DB78F6461}.Debug|Any CPU.Build.0 = Debug|Any CPU
		{2FB407EE-A289-41BE-BB6A-482DB78F6461}.Debug|x64.ActiveCfg = Debug|Any CPU
		{2FB407EE-A289-41BE-BB6A-482DB78F6461}.Debug|x64.Build.0 = Debug|Any CPU
		{2FB407EE-A289-41BE-BB6A-482DB78F6461}.Debug|x86.ActiveCfg = Debug|Any CPU
		{2FB407EE-A289-41BE-BB6A-482DB78F6461}.Debug|x86.Build.0 = Debug|Any CPU
		{2FB407EE-A289-41BE-BB6A-482DB78F6461}.Release|Any CPU.ActiveCfg = Release|Any CPU
		{2FB407EE-A289-41BE-BB6A-482DB78F6461}.Release|Any CPU.Build.0 = Release|Any CPU
		{2FB407EE-A289-41BE-BB6A-482DB78F6461}.Release|x64.ActiveCfg = Release|Any CPU
		{2FB407EE-A289-41BE-BB6A-482DB78F6461}.Release|x64.Build.0 = Release|Any CPU
		{2FB407EE-A289-41BE-BB6A-482DB78F6461}.Release|x86.ActiveCfg = Release|Any CPU
		{2FB407EE-A289-41BE-BB6A-482DB78F6461}.Release|x86.Build.0 = Release|Any CPU
	EndGlobalSection
	GlobalSection(SolutionProperties) = preSolution
		HideSolutionNode = FALSE
	EndGlobalSection
	GlobalSection(ExtensibilityGlobals) = postSolution
		SolutionGuid = {A7E8A59C-3A5F-4BDC-BB44-181E088D16C2}
	EndGlobalSection
EndGlobal
